Microsoft Visual Studio Solution File, Format Version 12.00
# Visual Studio Version 17
VisualStudioVersion = 17.5.2.0
MinimumVisualStudioVersion = 10.0.40219.1
Project("{FAE04EC0-301F-11D3-BF4B-00C04F79EFBC}") = "EjerciciopracticaViernes", "EjerciciopracticaViernes.csproj", "{DBCC4079-27DD-EF9D-7285-409E6542CFAC}"
EndProject
Global
	GlobalSection(SolutionConfigurationPlatforms) = preSolution
		Debug|Any CPU = Debug|Any CPU
		Release|Any CPU = Release|Any CPU
	EndGlobalSection
	GlobalSection(ProjectConfigurationPlatforms) = postSolution
		{DBCC4079-27DD-EF9D-7285-409E6542CFAC}.Debug|Any CPU.ActiveCfg = Debug|Any CPU
		{DBCC4079-27DD-EF9D-7285-409E6542CFAC}.Debug|Any CPU.Build.0 = Debug|Any CPU
		{DBCC4079-27DD-EF9D-7285-409E6542CFAC}.Release|Any CPU.ActiveCfg = Release|Any CPU
		{DBCC4079-27DD-EF9D-7285-409E6542CFAC}.Release|Any CPU.Build.0 = Release|Any CPU
	EndGlobalSection
	GlobalSection(SolutionProperties) = preSolution
		HideSolutionNode = FALSE
	EndGlobalSection
	GlobalSection(ExtensibilityGlobals) = postSolution
		SolutionGuid = {A5948C76-D53B-4F06-9B9C-6F862410E602}
	EndGlobalSection
EndGlobal
