Microsoft Visual Studio Solution File, Format Version 12.00
# Visual Studio Version 17
VisualStudioVersion = 17.5.2.0
MinimumVisualStudioVersion = 10.0.40219.1
Project("{FAE04EC0-301F-11D3-BF4B-00C04F79EFBC}") = "EjercicioNota", "EjercicioNota.csproj", "{736FE4A3-A495-DDFE-AEAA-4FE872F2CB63}"
EndProject
Global
	GlobalSection(SolutionConfigurationPlatforms) = preSolution
		Debug|Any CPU = Debug|Any CPU
		Release|Any CPU = Release|Any CPU
	EndGlobalSection
	GlobalSection(ProjectConfigurationPlatforms) = postSolution
		{736FE4A3-A495-DDFE-AEAA-4FE872F2CB63}.Debug|Any CPU.ActiveCfg = Debug|Any CPU
		{736FE4A3-A495-DDFE-AEAA-4FE872F2CB63}.Debug|Any CPU.Build.0 = Debug|Any CPU
		{736FE4A3-A495-DDFE-AEAA-4FE872F2CB63}.Release|Any CPU.ActiveCfg = Release|Any CPU
		{736FE4A3-A495-DDFE-AEAA-4FE872F2CB63}.Release|Any CPU.Build.0 = Release|Any CPU
	EndGlobalSection
	GlobalSection(SolutionProperties) = preSolution
		HideSolutionNode = FALSE
	EndGlobalSection
	GlobalSection(ExtensibilityGlobals) = postSolution
		SolutionGuid = {9DA45D23-29A1-4FE7-BFB7-DC6A88BEC939}
	EndGlobalSection
EndGlobal
